
Microsoft Visual Studio Solution File, Format Version 12.00
# Visual Studio Version 16
VisualStudioVersion = 16.0.808.4
MinimumVisualStudioVersion = 10.0.40219.1
Project("{FAE04EC0-301F-11D3-BF4B-00C04F79EFBC}") = "OdeToFood", "OdeToFood\OdeToFood.csproj", "{C08D65F2-02E9-4311-AD90-B7B93112AFB6}"
EndProject
Project("{FAE04EC0-301F-11D3-BF4B-00C04F79EFBC}") = "OdeToFood.Core", "OdeToFood.Core\OdeToFood.Core.csproj", "{E795766C-FB6F-465A-98AC-FB42E45FC308}"
EndProject
Project("{FAE04EC0-301F-11D3-BF4B-00C04F79EFBC}") = "OdeToFood.Data", "OdeToFood.Data\OdeToFood.Data.csproj", "{4F6C8FC8-6925-4594-9997-B3187607C77D}"
EndProject
Global
	GlobalSection(SolutionConfigurationPlatforms) = preSolution
		Debug|Any CPU = Debug|Any CPU
		Release|Any CPU = Release|Any CPU
	EndGlobalSection
	GlobalSection(ProjectConfigurationPlatforms) = postSolution
		{C08D65F2-02E9-4311-AD90-B7B93112AFB6}.Debug|Any CPU.ActiveCfg = Debug|Any CPU
		{C08D65F2-02E9-4311-AD90-B7B93112AFB6}.Debug|Any CPU.Build.0 = Debug|Any CPU
		{C08D65F2-02E9-4311-AD90-B7B93112AFB6}.Release|Any CPU.ActiveCfg = Release|Any CPU
		{C08D65F2-02E9-4311-AD90-B7B93112AFB6}.Release|Any CPU.Build.0 = Release|Any CPU
		{E795766C-FB6F-465A-98AC-FB42E45FC308}.Debug|Any CPU.ActiveCfg = Debug|Any CPU
		{E795766C-FB6F-465A-98AC-FB42E45FC308}.Debug|Any CPU.Build.0 = Debug|Any CPU
		{E795766C-FB6F-465A-98AC-FB42E45FC308}.Release|Any CPU.ActiveCfg = Release|Any CPU
		{E795766C-FB6F-465A-98AC-FB42E45FC308}.Release|Any CPU.Build.0 = Release|Any CPU
		{4F6C8FC8-6925-4594-9997-B3187607C77D}.Debug|Any CPU.ActiveCfg = Debug|Any CPU
		{4F6C8FC8-6925-4594-9997-B3187607C77D}.Debug|Any CPU.Build.0 = Debug|Any CPU
		{4F6C8FC8-6925-4594-9997-B3187607C77D}.Release|Any CPU.ActiveCfg = Release|Any CPU
		{4F6C8FC8-6925-4594-9997-B3187607C77D}.Release|Any CPU.Build.0 = Release|Any CPU
	EndGlobalSection
	GlobalSection(SolutionProperties) = preSolution
		HideSolutionNode = FALSE
	EndGlobalSection
	GlobalSection(ExtensibilityGlobals) = postSolution
		SolutionGuid = {259C0D53-BEAE-4F4A-9473-E8BE777945EB}
	EndGlobalSection
EndGlobal
