
Microsoft Visual Studio Solution File, Format Version 12.00
# Visual Studio 15
VisualStudioVersion = 15.0.26124.0
MinimumVisualStudioVersion = 15.0.26124.0
Project("{2150E333-8FDC-42A3-9474-1A3956D46DE8}") = "src", "src", "{7FF3C751-F02F-49AA-AF7B-B98506A037E1}"
EndProject
Project("{FAE04EC0-301F-11D3-BF4B-00C04F79EFBC}") = "GradeBook", "src\GradeBook\GradeBook.csproj", "{49AE698F-F517-495D-8017-6BC1D378FD09}"
EndProject
Project("{2150E333-8FDC-42A3-9474-1A3956D46DE8}") = "test", "test", "{8F9B4F79-40B7-4CFD-BA23-FD3E061394F3}"
EndProject
Project("{FAE04EC0-301F-11D3-BF4B-00C04F79EFBC}") = "GradeBook.Tests", "test\GradeBook.Tests\GradeBook.Tests.csproj", "{B4349F22-E1F1-477C-AEB9-AD443DCACE18}"
EndProject
Global
	GlobalSection(SolutionConfigurationPlatforms) = preSolution
		Debug|Any CPU = Debug|Any CPU
		Debug|x64 = Debug|x64
		Debug|x86 = Debug|x86
		Release|Any CPU = Release|Any CPU
		Release|x64 = Release|x64
		Release|x86 = Release|x86
	EndGlobalSection
	GlobalSection(SolutionProperties) = preSolution
		HideSolutionNode = FALSE
	EndGlobalSection
	GlobalSection(ProjectConfigurationPlatforms) = postSolution
		{49AE698F-F517-495D-8017-6BC1D378FD09}.Debug|Any CPU.ActiveCfg = Debug|Any CPU
		{49AE698F-F517-495D-8017-6BC1D378FD09}.Debug|Any CPU.Build.0 = Debug|Any CPU
		{49AE698F-F517-495D-8017-6BC1D378FD09}.Debug|x64.ActiveCfg = Debug|Any CPU
		{49AE698F-F517-495D-8017-6BC1D378FD09}.Debug|x64.Build.0 = Debug|Any CPU
		{49AE698F-F517-495D-8017-6BC1D378FD09}.Debug|x86.ActiveCfg = Debug|Any CPU
		{49AE698F-F517-495D-8017-6BC1D378FD09}.Debug|x86.Build.0 = Debug|Any CPU
		{49AE698F-F517-495D-8017-6BC1D378FD09}.Release|Any CPU.ActiveCfg = Release|Any CPU
		{49AE698F-F517-495D-8017-6BC1D378FD09}.Release|Any CPU.Build.0 = Release|Any CPU
		{49AE698F-F517-495D-8017-6BC1D378FD09}.Release|x64.ActiveCfg = Release|Any CPU
		{49AE698F-F517-495D-8017-6BC1D378FD09}.Release|x64.Build.0 = Release|Any CPU
		{49AE698F-F517-495D-8017-6BC1D378FD09}.Release|x86.ActiveCfg = Release|Any CPU
		{49AE698F-F517-495D-8017-6BC1D378FD09}.Release|x86.Build.0 = Release|Any CPU
		{B4349F22-E1F1-477C-AEB9-AD443DCACE18}.Debug|Any CPU.ActiveCfg = Debug|Any CPU
		{B4349F22-E1F1-477C-AEB9-AD443DCACE18}.Debug|Any CPU.Build.0 = Debug|Any CPU
		{B4349F22-E1F1-477C-AEB9-AD443DCACE18}.Debug|x64.ActiveCfg = Debug|Any CPU
		{B4349F22-E1F1-477C-AEB9-AD443DCACE18}.Debug|x64.Build.0 = Debug|Any CPU
		{B4349F22-E1F1-477C-AEB9-AD443DCACE18}.Debug|x86.ActiveCfg = Debug|Any CPU
		{B4349F22-E1F1-477C-AEB9-AD443DCACE18}.Debug|x86.Build.0 = Debug|Any CPU
		{B4349F22-E1F1-477C-AEB9-AD443DCACE18}.Release|Any CPU.ActiveCfg = Release|Any CPU
		{B4349F22-E1F1-477C-AEB9-AD443DCACE18}.Release|Any CPU.Build.0 = Release|Any CPU
		{B4349F22-E1F1-477C-AEB9-AD443DCACE18}.Release|x64.ActiveCfg = Release|Any CPU
		{B4349F22-E1F1-477C-AEB9-AD443DCACE18}.Release|x64.Build.0 = Release|Any CPU
		{B4349F22-E1F1-477C-AEB9-AD443DCACE18}.Release|x86.ActiveCfg = Release|Any CPU
		{B4349F22-E1F1-477C-AEB9-AD443DCACE18}.Release|x86.Build.0 = Release|Any CPU
	EndGlobalSection
	GlobalSection(NestedProjects) = preSolution
		{49AE698F-F517-495D-8017-6BC1D378FD09} = {7FF3C751-F02F-49AA-AF7B-B98506A037E1}
		{B4349F22-E1F1-477C-AEB9-AD443DCACE18} = {8F9B4F79-40B7-4CFD-BA23-FD3E061394F3}
	EndGlobalSection
EndGlobal
