
Microsoft Visual Studio Solution File, Format Version 12.00
# Visual Studio Version 16
VisualStudioVersion = 16.0.808.4
MinimumVisualStudioVersion = 10.0.40219.1
Project("{FAE04EC0-301F-11D3-BF4B-00C04F79EFBC}") = "xunit_learn", "xunit_learn\xunit_learn.csproj", "{ADDE35F3-4ACC-477C-8582-E6CA83EA744F}"
EndProject
Global
	GlobalSection(SolutionConfigurationPlatforms) = preSolution
		Debug|Any CPU = Debug|Any CPU
		Release|Any CPU = Release|Any CPU
	EndGlobalSection
	GlobalSection(ProjectConfigurationPlatforms) = postSolution
		{ADDE35F3-4ACC-477C-8582-E6CA83EA744F}.Debug|Any CPU.ActiveCfg = Debug|Any CPU
		{ADDE35F3-4ACC-477C-8582-E6CA83EA744F}.Debug|Any CPU.Build.0 = Debug|Any CPU
		{ADDE35F3-4ACC-477C-8582-E6CA83EA744F}.Release|Any CPU.ActiveCfg = Release|Any CPU
		{ADDE35F3-4ACC-477C-8582-E6CA83EA744F}.Release|Any CPU.Build.0 = Release|Any CPU
	EndGlobalSection
	GlobalSection(SolutionProperties) = preSolution
		HideSolutionNode = FALSE
	EndGlobalSection
	GlobalSection(ExtensibilityGlobals) = postSolution
		SolutionGuid = {FC023B4B-A020-4909-8844-B5680A96597A}
	EndGlobalSection
EndGlobal
